// !$*UTF8*$!
{
	archiveVersion = 1;
	classes = {
	};
	objectVersion = 77;
	objects = {

/* Begin PBXCopyFilesBuildPhase section */
		1D7BC10D2DC1237000C08D07 /* CopyFiles */ = {
			isa = PBXCopyFilesBuildPhase;
			buildActionMask = 2147483647;
			dstPath = /usr/share/man/man1/;
			dstSubfolderSpec = 0;
			files = (
			);
			runOnlyForDeploymentPostprocessing = 1;
		};
/* End PBXCopyFilesBuildPhase section */

/* Begin PBXFileReference section */
		1D7BC10F2DC1237000C08D07 /* solve-algorithms */ = {isa = PBXFileReference; explicitFileType = "compiled.mach-o.executable"; includeInIndex = 0; path = "solve-algorithms"; sourceTree = BUILT_PRODUCTS_DIR; };
		1DCE18FD2DC658890013461D /* README.md */ = {isa = PBXFileReference; lastKnownFileType = net.daringfireball.markdown; path = README.md; sourceTree = "<group>"; };
/* End PBXFileReference section */

/* Begin PBXFileSystemSynchronizedBuildFileExceptionSet section */
		1D421CD22DC317ED00784D72 /* Exceptions for "playground" folder in "solve-algorithms" target */ = {
			isa = PBXFileSystemSynchronizedBuildFileExceptionSet;
			membershipExceptions = (
				main.cpp,
			);
			target = 1D7BC10E2DC1237000C08D07 /* solve-algorithms */;
		};
		1D7BC1272DC1258800C08D07 /* Exceptions for "baekjoon" folder in "solve-algorithms" target */ = {
			isa = PBXFileSystemSynchronizedBuildFileExceptionSet;
			membershipExceptions = (
				"1237-정ㅋ벅ㅋ/main.cpp",
				"1781-컵라면/main.cpp",
				"2109-순회강연/main.cpp",
				"9935-문자열 폭발/main.cpp",
				"12851-숨바꼭질 2/main.cpp",
				"14469-소가 길을 건너간 이유 3/main.cpp",
				"19942-다이어트/main.cpp",
				"단계별/1.입출력과 사칙연산/1000-A+B/main.cpp",
				"단계별/1.입출력과 사칙연산/1001-A-B/main.cpp",
				"단계별/1.입출력과 사칙연산/2557-Hello World/main.cpp",
				"단계별/2.조건문/1330-두 수 비교하기.cpp",
				"단계별/2.조건문/2480-주사위 세개.cpp",
				"단계별/2.조건문/2525-오븐 시계.cpp",
				"단계별/2.조건문/2753-윤년.cpp",
				"단계별/2.조건문/2884-알람 시계.cpp",
				"단계별/2.조건문/9498-시험 성적.cpp",
				"단계별/2.조건문/14681-사분면 고르기.cpp",
				"단계별/3.반복문/2438-별 찍기-1.cpp",
				"단계별/3.반복문/2439-별 찍기-2.cpp",
				"단계별/3.반복문/2739-구구단.cpp",
				"단계별/3.반복문/8393-합.cpp",
				"단계별/3.반복문/10950-A+B-3.cpp",
				"단계별/3.반복문/11021-A+B-7.cpp",
				"단계별/3.반복문/11022-A+B-8.cpp",
				"단계별/3.반복문/15552-빠른 A+B.cpp",
				"단계별/3.반복문/25304-영수증.cpp",
				"단계별/3.반복문/25314-코딩은 체육과목 입니다.cpp",
			);
			target = 1D7BC10E2DC1237000C08D07 /* solve-algorithms */;
		};
/* End PBXFileSystemSynchronizedBuildFileExceptionSet section */

/* Begin PBXFileSystemSynchronizedRootGroup section */
		1D421CCA2DC18EA100784D72 /* playground */ = {
			isa = PBXFileSystemSynchronizedRootGroup;
			exceptions = (
				1D421CD22DC317ED00784D72 /* Exceptions for "playground" folder in "solve-algorithms" target */,
			);
			path = playground;
			sourceTree = "<group>";
		};
		1D7BC11E2DC123B400C08D07 /* baekjoon */ = {
			isa = PBXFileSystemSynchronizedRootGroup;
			exceptions = (
				1D7BC1272DC1258800C08D07 /* Exceptions for "baekjoon" folder in "solve-algorithms" target */,
			);
			path = baekjoon;
			sourceTree = "<group>";
		};
		1DCE18FF2DC658C00013461D /* header */ = {
			isa = PBXFileSystemSynchronizedRootGroup;
			path = header;
			sourceTree = "<group>";
		};
/* End PBXFileSystemSynchronizedRootGroup section */

/* Begin PBXFrameworksBuildPhase section */
		1D7BC10C2DC1237000C08D07 /* Frameworks */ = {
			isa = PBXFrameworksBuildPhase;
			buildActionMask = 2147483647;
			files = (
			);
			runOnlyForDeploymentPostprocessing = 0;
		};
/* End PBXFrameworksBuildPhase section */

/* Begin PBXGroup section */
		1D7BC1062DC1237000C08D07 = {
			isa = PBXGroup;
			children = (
				1DCE18FD2DC658890013461D /* README.md */,
				1DCE18FF2DC658C00013461D /* header */,
				1D421CCA2DC18EA100784D72 /* playground */,
				1D7BC11E2DC123B400C08D07 /* baekjoon */,
				1D7BC1102DC1237000C08D07 /* Products */,
			);
			sourceTree = "<group>";
		};
		1D7BC1102DC1237000C08D07 /* Products */ = {
			isa = PBXGroup;
			children = (
				1D7BC10F2DC1237000C08D07 /* solve-algorithms */,
			);
			name = Products;
			sourceTree = "<group>";
		};
/* End PBXGroup section */

/* Begin PBXNativeTarget section */
		1D7BC10E2DC1237000C08D07 /* solve-algorithms */ = {
			isa = PBXNativeTarget;
			buildConfigurationList = 1D7BC1162DC1237100C08D07 /* Build configuration list for PBXNativeTarget "solve-algorithms" */;
			buildPhases = (
				1D7BC10B2DC1237000C08D07 /* Sources */,
				1D7BC10C2DC1237000C08D07 /* Frameworks */,
				1D7BC10D2DC1237000C08D07 /* CopyFiles */,
			);
			buildRules = (
			);
			dependencies = (
			);
			fileSystemSynchronizedGroups = (
				1D421CCA2DC18EA100784D72 /* playground */,
				1D7BC11E2DC123B400C08D07 /* baekjoon */,
				1DCE18FF2DC658C00013461D /* header */,
			);
			name = "solve-algorithms";
			packageProductDependencies = (
			);
			productName = "solve-algorithms";
			productReference = 1D7BC10F2DC1237000C08D07 /* solve-algorithms */;
			productType = "com.apple.product-type.tool";
		};
/* End PBXNativeTarget section */

/* Begin PBXProject section */
		1D7BC1072DC1237000C08D07 /* Project object */ = {
			isa = PBXProject;
			attributes = {
				BuildIndependentTargetsInParallel = 1;
				LastUpgradeCheck = 1630;
				TargetAttributes = {
					1D7BC10E2DC1237000C08D07 = {
						CreatedOnToolsVersion = 16.3;
						LastSwiftMigration = 1630;
					};
				};
			};
			buildConfigurationList = 1D7BC10A2DC1237000C08D07 /* Build configuration list for PBXProject "solve-algorithms" */;
			developmentRegion = en;
			hasScannedForEncodings = 0;
			knownRegions = (
				en,
				Base,
			);
			mainGroup = 1D7BC1062DC1237000C08D07;
			minimizedProjectReferenceProxies = 1;
			preferredProjectObjectVersion = 77;
			productRefGroup = 1D7BC1102DC1237000C08D07 /* Products */;
			projectDirPath = "";
			projectRoot = "";
			targets = (
				1D7BC10E2DC1237000C08D07 /* solve-algorithms */,
			);
		};
/* End PBXProject section */

/* Begin PBXSourcesBuildPhase section */
		1D7BC10B2DC1237000C08D07 /* Sources */ = {
			isa = PBXSourcesBuildPhase;
			buildActionMask = 2147483647;
			files = (
			);
			runOnlyForDeploymentPostprocessing = 0;
		};
/* End PBXSourcesBuildPhase section */

/* Begin XCBuildConfiguration section */
		1D7BC1142DC1237100C08D07 /* Debug */ = {
			isa = XCBuildConfiguration;
			buildSettings = {
				ALWAYS_SEARCH_USER_PATHS = NO;
				ASSETCATALOG_COMPILER_GENERATE_SWIFT_ASSET_SYMBOL_EXTENSIONS = YES;
				CLANG_ANALYZER_NONNULL = YES;
				CLANG_ANALYZER_NUMBER_OBJECT_CONVERSION = YES_AGGRESSIVE;
				CLANG_CXX_LANGUAGE_STANDARD = "gnu++20";
				CLANG_ENABLE_MODULES = YES;
				CLANG_ENABLE_OBJC_ARC = YES;
				CLANG_ENABLE_OBJC_WEAK = YES;
				CLANG_WARN_BLOCK_CAPTURE_AUTORELEASING = YES;
				CLANG_WARN_BOOL_CONVERSION = YES;
				CLANG_WARN_COMMA = YES;
				CLANG_WARN_CONSTANT_CONVERSION = YES;
				CLANG_WARN_DEPRECATED_OBJC_IMPLEMENTATIONS = YES;
				CLANG_WARN_DIRECT_OBJC_ISA_USAGE = YES_ERROR;
				CLANG_WARN_DOCUMENTATION_COMMENTS = YES;
				CLANG_WARN_EMPTY_BODY = YES;
				CLANG_WARN_ENUM_CONVERSION = YES;
				CLANG_WARN_INFINITE_RECURSION = YES;
				CLANG_WARN_INT_CONVERSION = YES;
				CLANG_WARN_NON_LITERAL_NULL_CONVERSION = YES;
				CLANG_WARN_OBJC_IMPLICIT_RETAIN_SELF = YES;
				CLANG_WARN_OBJC_LITERAL_CONVERSION = YES;
				CLANG_WARN_OBJC_ROOT_CLASS = YES_ERROR;
				CLANG_WARN_QUOTED_INCLUDE_IN_FRAMEWORK_HEADER = YES;
				CLANG_WARN_RANGE_LOOP_ANALYSIS = YES;
				CLANG_WARN_STRICT_PROTOTYPES = YES;
				CLANG_WARN_SUSPICIOUS_MOVE = YES;
				CLANG_WARN_UNGUARDED_AVAILABILITY = YES_AGGRESSIVE;
				CLANG_WARN_UNREACHABLE_CODE = YES;
				CLANG_WARN__DUPLICATE_METHOD_MATCH = YES;
				COPY_PHASE_STRIP = NO;
				DEBUG_INFORMATION_FORMAT = dwarf;
				ENABLE_STRICT_OBJC_MSGSEND = YES;
				ENABLE_TESTABILITY = YES;
				ENABLE_USER_SCRIPT_SANDBOXING = YES;
				GCC_C_LANGUAGE_STANDARD = gnu17;
				GCC_DYNAMIC_NO_PIC = NO;
				GCC_NO_COMMON_BLOCKS = YES;
				GCC_OPTIMIZATION_LEVEL = 0;
				GCC_PREPROCESSOR_DEFINITIONS = (
					"DEBUG=1",
					"$(inherited)",
				);
				GCC_WARN_64_TO_32_BIT_CONVERSION = YES;
				GCC_WARN_ABOUT_RETURN_TYPE = YES_ERROR;
				GCC_WARN_UNDECLARED_SELECTOR = YES;
				GCC_WARN_UNINITIALIZED_AUTOS = YES_AGGRESSIVE;
				GCC_WARN_UNUSED_FUNCTION = YES;
				GCC_WARN_UNUSED_VARIABLE = YES;
				LOCALIZATION_PREFERS_STRING_CATALOGS = YES;
				MACOSX_DEPLOYMENT_TARGET = 15.4;
				MTL_ENABLE_DEBUG_INFO = INCLUDE_SOURCE;
				MTL_FAST_MATH = YES;
				ONLY_ACTIVE_ARCH = YES;
				SDKROOT = macosx;
			};
			name = Debug;
		};
		1D7BC1152DC1237100C08D07 /* Release */ = {
			isa = XCBuildConfiguration;
			buildSettings = {
				ALWAYS_SEARCH_USER_PATHS = NO;
				ASSETCATALOG_COMPILER_GENERATE_SWIFT_ASSET_SYMBOL_EXTENSIONS = YES;
				CLANG_ANALYZER_NONNULL = YES;
				CLANG_ANALYZER_NUMBER_OBJECT_CONVERSION = YES_AGGRESSIVE;
				CLANG_CXX_LANGUAGE_STANDARD = "gnu++20";
				CLANG_ENABLE_MODULES = YES;
				CLANG_ENABLE_OBJC_ARC = YES;
				CLANG_ENABLE_OBJC_WEAK = YES;
				CLANG_WARN_BLOCK_CAPTURE_AUTORELEASING = YES;
				CLANG_WARN_BOOL_CONVERSION = YES;
				CLANG_WARN_COMMA = YES;
				CLANG_WARN_CONSTANT_CONVERSION = YES;
				CLANG_WARN_DEPRECATED_OBJC_IMPLEMENTATIONS = YES;
				CLANG_WARN_DIRECT_OBJC_ISA_USAGE = YES_ERROR;
				CLANG_WARN_DOCUMENTATION_COMMENTS = YES;
				CLANG_WARN_EMPTY_BODY = YES;
				CLANG_WARN_ENUM_CONVERSION = YES;
				CLANG_WARN_INFINITE_RECURSION = YES;
				CLANG_WARN_INT_CONVERSION = YES;
				CLANG_WARN_NON_LITERAL_NULL_CONVERSION = YES;
				CLANG_WARN_OBJC_IMPLICIT_RETAIN_SELF = YES;
				CLANG_WARN_OBJC_LITERAL_CONVERSION = YES;
				CLANG_WARN_OBJC_ROOT_CLASS = YES_ERROR;
				CLANG_WARN_QUOTED_INCLUDE_IN_FRAMEWORK_HEADER = YES;
				CLANG_WARN_RANGE_LOOP_ANALYSIS = YES;
				CLANG_WARN_STRICT_PROTOTYPES = YES;
				CLANG_WARN_SUSPICIOUS_MOVE = YES;
				CLANG_WARN_UNGUARDED_AVAILABILITY = YES_AGGRESSIVE;
				CLANG_WARN_UNREACHABLE_CODE = YES;
				CLANG_WARN__DUPLICATE_METHOD_MATCH = YES;
				COPY_PHASE_STRIP = NO;
				DEBUG_INFORMATION_FORMAT = "dwarf-with-dsym";
				ENABLE_NS_ASSERTIONS = NO;
				ENABLE_STRICT_OBJC_MSGSEND = YES;
				ENABLE_USER_SCRIPT_SANDBOXING = YES;
				GCC_C_LANGUAGE_STANDARD = gnu17;
				GCC_NO_COMMON_BLOCKS = YES;
				GCC_WARN_64_TO_32_BIT_CONVERSION = YES;
				GCC_WARN_ABOUT_RETURN_TYPE = YES_ERROR;
				GCC_WARN_UNDECLARED_SELECTOR = YES;
				GCC_WARN_UNINITIALIZED_AUTOS = YES_AGGRESSIVE;
				GCC_WARN_UNUSED_FUNCTION = YES;
				GCC_WARN_UNUSED_VARIABLE = YES;
				LOCALIZATION_PREFERS_STRING_CATALOGS = YES;
				MACOSX_DEPLOYMENT_TARGET = 15.4;
				MTL_ENABLE_DEBUG_INFO = NO;
				MTL_FAST_MATH = YES;
				SDKROOT = macosx;
			};
			name = Release;
		};
		1D7BC1172DC1237100C08D07 /* Debug */ = {
			isa = XCBuildConfiguration;
			buildSettings = {
				CLANG_ENABLE_MODULES = YES;
				CODE_SIGN_STYLE = Automatic;
				PRODUCT_NAME = "$(TARGET_NAME)";
				SWIFT_OPTIMIZATION_LEVEL = "-Onone";
				SWIFT_VERSION = 6.0;
			};
			name = Debug;
		};
		1D7BC1182DC1237100C08D07 /* Release */ = {
			isa = XCBuildConfiguration;
			buildSettings = {
				CLANG_ENABLE_MODULES = YES;
				CODE_SIGN_STYLE = Automatic;
				PRODUCT_NAME = "$(TARGET_NAME)";
				SWIFT_VERSION = 6.0;
			};
			name = Release;
		};
/* End XCBuildConfiguration section */

/* Begin XCConfigurationList section */
		1D7BC10A2DC1237000C08D07 /* Build configuration list for PBXProject "solve-algorithms" */ = {
			isa = XCConfigurationList;
			buildConfigurations = (
				1D7BC1142DC1237100C08D07 /* Debug */,
				1D7BC1152DC1237100C08D07 /* Release */,
			);
			defaultConfigurationIsVisible = 0;
			defaultConfigurationName = Release;
		};
		1D7BC1162DC1237100C08D07 /* Build configuration list for PBXNativeTarget "solve-algorithms" */ = {
			isa = XCConfigurationList;
			buildConfigurations = (
				1D7BC1172DC1237100C08D07 /* Debug */,
				1D7BC1182DC1237100C08D07 /* Release */,
			);
			defaultConfigurationIsVisible = 0;
			defaultConfigurationName = Release;
		};
/* End XCConfigurationList section */
	};
	rootObject = 1D7BC1072DC1237000C08D07 /* Project object */;
}
